
Microsoft Visual Studio Solution File, Format Version 12.00
# Visual Studio Version 16
VisualStudioVersion = 16.0.30907.101
MinimumVisualStudioVersion = 10.0.40219.1
Project("{FAE04EC0-301F-11D3-BF4B-00C04F79EFBC}") = "Th(E)shop", "Th(E)shop.csproj", "{B4F856B5-6EC6-4530-88FE-120C1E7712F5}"
EndProject
Global
	GlobalSection(SolutionConfigurationPlatforms) = preSolution
		Debug|Any CPU = Debug|Any CPU
		Release|Any CPU = Release|Any CPU
	EndGlobalSection
	GlobalSection(ProjectConfigurationPlatforms) = postSolution
		{B4F856B5-6EC6-4530-88FE-120C1E7712F5}.Debug|Any CPU.ActiveCfg = Debug|Any CPU
		{B4F856B5-6EC6-4530-88FE-120C1E7712F5}.Debug|Any CPU.Build.0 = Debug|Any CPU
		{B4F856B5-6EC6-4530-88FE-120C1E7712F5}.Release|Any CPU.ActiveCfg = Release|Any CPU
		{B4F856B5-6EC6-4530-88FE-120C1E7712F5}.Release|Any CPU.Build.0 = Release|Any CPU
	EndGlobalSection
	GlobalSection(SolutionProperties) = preSolution
		HideSolutionNode = FALSE
	EndGlobalSection
	GlobalSection(ExtensibilityGlobals) = postSolution
		SolutionGuid = {AEA1587A-191C-4E4F-8AAC-150EC81F9DA5}
	EndGlobalSection
EndGlobal
